{
  "requires": true,
  "lockfileVersion": 1,
  "dependencies": {
    "axios": {
      "version": "0.17.1",
      "resolved": "https://registry.npmjs.org/axios/-/axios-0.17.1.tgz",
      "integrity": "sha1-LY4+XQvb1zJ/kbyBT1xXZg+Bgk0=",
      "dev": true
    },
    "bootstrap-sass": {
      "version": "3.3.7",
      "resolved": "https://registry.npmjs.org/bootstrap-sass/-/bootstrap-sass-3.3.7.tgz",
      "integrity": "sha1-ZZbHq0D2Y3OTMjqwvIDQZPxjBJg=",
      "dev": true
    },
    "cross-env": {
      "version": "5.1.3",
      "resolved": "https://registry.npmjs.org/cross-env/-/cross-env-5.1.3.tgz",
      "integrity": "sha512-UOokgwvDzCT0mqRSLEkJzUhYXB1vK3E5UgDrD41QiXsm9UetcW2rCGHYz/O3p873lMJ1VZbFCF9Izkwh7nYR5A==",
      "dev": true
    },
    "jquery": {
      "version": "3.3.0",
      "resolved": "https://registry.npmjs.org/jquery/-/jquery-3.3.0.tgz",
      "integrity": "sha512-1SmQFTqu24RtvnvLN/D1RFIsOBGqLQYsGJgZxejd69Rw9ACBJvSgppA+A+wBcXgASwRSoX1aDN1I5ZNIrFC6Xw==",
      "dev": true
    },
    "laravel-mix": {
      "version": "1.7.2",
      "resolved": "https://registry.npmjs.org/laravel-mix/-/laravel-mix-1.7.2.tgz",
      "integrity": "sha512-La1eAsCkEdySc9J9MJ/g8Dj1EfGo7aXW92GZKoSbrSg4uQWNNoV824e6+o4f4Eo/YWYrYwZTkdnWJJ1uVqP+dw==",
      "dev": true
    },
    "lodash": {
      "version": "4.17.21",
      "resolved": "https://registry.npmjs.org/lodash/-/lodash-4.17.21.tgz",
      "integrity": "sha512-v2kDEe57lecTulaDIuNTPy3Ry4gLGJ6Z1O3vE1krgXZNrsQ+LFTGHVxVjcXPs17LhbZVGedAJv8XZ1tvj5FvSg==",
      "dev": true
    },
    "vue": {
      "version": "2.5.13",
      "resolved": "https://registry.npmjs.org/vue/-/vue-2.5.13.tgz",
      "integrity": "sha512-3D+lY7HTkKbtswDM4BBHgqyq+qo8IAEE8lz8va1dz3LLmttjgo0FxairO4r1iN2OBqk8o1FyL4hvzzTFEdQSEw==",
      "dev": true
    },
    "vue-star-rating": {
      "version": "1.5.1",
      "resolved": "https://registry.npmjs.org/vue-star-rating/-/vue-star-rating-1.5.1.tgz",
      "integrity": "sha1-U1IloSApseNwbx9pAfuVNQ+vKDI="
    }
  }
}
